
Microsoft Visual Studio Solution File, Format Version 12.00
# Visual Studio Version 17
VisualStudioVersion = 17.9.34728.123
MinimumVisualStudioVersion = 10.0.40219.1
Project("{FAE04EC0-301F-11D3-BF4B-00C04F79EFBC}") = "BadmintonCenter", "BadmintonCenter.csproj", "{0679D642-5330-4086-BE50-D50DDE19BA5F}"
EndProject
Project("{FAE04EC0-301F-11D3-BF4B-00C04F79EFBC}") = "BadmintonCenter.Services", "..\BadmintonCenter.Services\BadmintonCenter.Services.csproj", "{1E87EAE9-5975-4F18-AE9C-8CDF39B93380}"
EndProject
Project("{FAE04EC0-301F-11D3-BF4B-00C04F79EFBC}") = "BadmintonCenter.Data", "..\BadmintonCenter.Data\BadmintonCenter.Data.csproj", "{3D2ED74B-7A60-45F6-B552-13BCD486C9B2}"
EndProject
Global
	GlobalSection(SolutionConfigurationPlatforms) = preSolution
		Debug|Any CPU = Debug|Any CPU
		Release|Any CPU = Release|Any CPU
	EndGlobalSection
	GlobalSection(ProjectConfigurationPlatforms) = postSolution
		{0679D642-5330-4086-BE50-D50DDE19BA5F}.Debug|Any CPU.ActiveCfg = Debug|Any CPU
		{0679D642-5330-4086-BE50-D50DDE19BA5F}.Debug|Any CPU.Build.0 = Debug|Any CPU
		{0679D642-5330-4086-BE50-D50DDE19BA5F}.Release|Any CPU.ActiveCfg = Release|Any CPU
		{0679D642-5330-4086-BE50-D50DDE19BA5F}.Release|Any CPU.Build.0 = Release|Any CPU
		{1E87EAE9-5975-4F18-AE9C-8CDF39B93380}.Debug|Any CPU.ActiveCfg = Debug|Any CPU
		{1E87EAE9-5975-4F18-AE9C-8CDF39B93380}.Debug|Any CPU.Build.0 = Debug|Any CPU
		{1E87EAE9-5975-4F18-AE9C-8CDF39B93380}.Release|Any CPU.ActiveCfg = Release|Any CPU
		{1E87EAE9-5975-4F18-AE9C-8CDF39B93380}.Release|Any CPU.Build.0 = Release|Any CPU
		{3D2ED74B-7A60-45F6-B552-13BCD486C9B2}.Debug|Any CPU.ActiveCfg = Debug|Any CPU
		{3D2ED74B-7A60-45F6-B552-13BCD486C9B2}.Debug|Any CPU.Build.0 = Debug|Any CPU
		{3D2ED74B-7A60-45F6-B552-13BCD486C9B2}.Release|Any CPU.ActiveCfg = Release|Any CPU
		{3D2ED74B-7A60-45F6-B552-13BCD486C9B2}.Release|Any CPU.Build.0 = Release|Any CPU
	EndGlobalSection
	GlobalSection(SolutionProperties) = preSolution
		HideSolutionNode = FALSE
	EndGlobalSection
	GlobalSection(ExtensibilityGlobals) = postSolution
		SolutionGuid = {E3926C34-7865-4820-9305-E99BCC2AA84C}
	EndGlobalSection
EndGlobal
