
Microsoft Visual Studio Solution File, Format Version 12.00
# Visual Studio Version 17
VisualStudioVersion = 17.8.34330.188
MinimumVisualStudioVersion = 10.0.40219.1
Project("{9A19103F-16F7-4668-BE54-9A1E7A4F7556}") = "BadmintonCenter.Presentation", "BadmintonCenter.Presentation\BadmintonCenter.Presentation.csproj", "{BB53FF47-8D14-42F4-B380-EA1367D714F7}"
EndProject
Project("{9A19103F-16F7-4668-BE54-9A1E7A4F7556}") = "BadmintonCenter.BusinessObject", "BadmintonCenter.BusinessObject\BadmintonCenter.BusinessObject.csproj", "{2D38C601-0551-44C5-A97F-460A031719DF}"
EndProject
Project("{9A19103F-16F7-4668-BE54-9A1E7A4F7556}") = "BadmintonCenter.DataAcess", "BadmintonCenter.DataAcess\BadmintonCenter.DataAcess.csproj", "{BBA3FB6C-AF37-4A5F-8331-89877B17E2F2}"
EndProject
Project("{9A19103F-16F7-4668-BE54-9A1E7A4F7556}") = "BadmintonCenter.Common", "BadmintonCenter.Common\BadmintonCenter.Common.csproj", "{42806645-5E0C-4F00-9A10-FFFFE246109E}"
EndProject
Project("{2150E333-8FDC-42A3-9474-1A3956D46DE8}") = "Solution Items", "Solution Items", "{9DA1C511-31EA-4BBA-9B7C-70CCE95968AF}"
	ProjectSection(SolutionItems) = preProject
		.gitignore = .gitignore
	EndProjectSection
EndProject
Project("{FAE04EC0-301F-11D3-BF4B-00C04F79EFBC}") = "BadmintonCenter.Service", "BadmintonCenter.Service\BadmintonCenter.Service.csproj", "{5923E4D6-6A88-4BA7-A719-6982AA200D1D}"
EndProject
Global
	GlobalSection(SolutionConfigurationPlatforms) = preSolution
		Debug|Any CPU = Debug|Any CPU
		Release|Any CPU = Release|Any CPU
	EndGlobalSection
	GlobalSection(ProjectConfigurationPlatforms) = postSolution
		{BB53FF47-8D14-42F4-B380-EA1367D714F7}.Debug|Any CPU.ActiveCfg = Debug|Any CPU
		{BB53FF47-8D14-42F4-B380-EA1367D714F7}.Debug|Any CPU.Build.0 = Debug|Any CPU
		{BB53FF47-8D14-42F4-B380-EA1367D714F7}.Release|Any CPU.ActiveCfg = Release|Any CPU
		{BB53FF47-8D14-42F4-B380-EA1367D714F7}.Release|Any CPU.Build.0 = Release|Any CPU
		{2D38C601-0551-44C5-A97F-460A031719DF}.Debug|Any CPU.ActiveCfg = Debug|Any CPU
		{2D38C601-0551-44C5-A97F-460A031719DF}.Debug|Any CPU.Build.0 = Debug|Any CPU
		{2D38C601-0551-44C5-A97F-460A031719DF}.Release|Any CPU.ActiveCfg = Release|Any CPU
		{2D38C601-0551-44C5-A97F-460A031719DF}.Release|Any CPU.Build.0 = Release|Any CPU
		{BBA3FB6C-AF37-4A5F-8331-89877B17E2F2}.Debug|Any CPU.ActiveCfg = Debug|Any CPU
		{BBA3FB6C-AF37-4A5F-8331-89877B17E2F2}.Debug|Any CPU.Build.0 = Debug|Any CPU
		{BBA3FB6C-AF37-4A5F-8331-89877B17E2F2}.Release|Any CPU.ActiveCfg = Release|Any CPU
		{BBA3FB6C-AF37-4A5F-8331-89877B17E2F2}.Release|Any CPU.Build.0 = Release|Any CPU
		{42806645-5E0C-4F00-9A10-FFFFE246109E}.Debug|Any CPU.ActiveCfg = Debug|Any CPU
		{42806645-5E0C-4F00-9A10-FFFFE246109E}.Debug|Any CPU.Build.0 = Debug|Any CPU
		{42806645-5E0C-4F00-9A10-FFFFE246109E}.Release|Any CPU.ActiveCfg = Release|Any CPU
		{42806645-5E0C-4F00-9A10-FFFFE246109E}.Release|Any CPU.Build.0 = Release|Any CPU
		{5923E4D6-6A88-4BA7-A719-6982AA200D1D}.Debug|Any CPU.ActiveCfg = Debug|Any CPU
		{5923E4D6-6A88-4BA7-A719-6982AA200D1D}.Debug|Any CPU.Build.0 = Debug|Any CPU
		{5923E4D6-6A88-4BA7-A719-6982AA200D1D}.Release|Any CPU.ActiveCfg = Release|Any CPU
		{5923E4D6-6A88-4BA7-A719-6982AA200D1D}.Release|Any CPU.Build.0 = Release|Any CPU
	EndGlobalSection
	GlobalSection(SolutionProperties) = preSolution
		HideSolutionNode = FALSE
	EndGlobalSection
	GlobalSection(ExtensibilityGlobals) = postSolution
		SolutionGuid = {1E9F62FB-4CC7-493E-ACDE-AC13DA559D09}
	EndGlobalSection
EndGlobal
